// !$*UTF8*$!
{
	archiveVersion = 1;
	classes = {
	};
	objectVersion = 46;
	objects = {

/* Begin PBXBuildFile section */
		280CE7861EC72EC1009E2FC1 /* LifestyleTableViewController.swift in Sources */ = {isa = PBXBuildFile; fileRef = 280CE7851EC72EC1009E2FC1 /* LifestyleTableViewController.swift */; };
		280CE7881EC7309A009E2FC1 /* LifestyleTableViewCell.swift in Sources */ = {isa = PBXBuildFile; fileRef = 280CE7871EC7309A009E2FC1 /* LifestyleTableViewCell.swift */; };
		280CE78A1EC73160009E2FC1 /* LifestyleModel.swift in Sources */ = {isa = PBXBuildFile; fileRef = 280CE7891EC73160009E2FC1 /* LifestyleModel.swift */; };
		280CE78F1EC88944009E2FC1 /* DetailsViewController.swift in Sources */ = {isa = PBXBuildFile; fileRef = 280CE78E1EC88944009E2FC1 /* DetailsViewController.swift */; };
		280CE7911EC88DBC009E2FC1 /* LifestyleData.swift in Sources */ = {isa = PBXBuildFile; fileRef = 280CE7901EC88DBC009E2FC1 /* LifestyleData.swift */; };
		280CE7931EC8997C009E2FC1 /* LifestyleCollectionViewCell.swift in Sources */ = {isa = PBXBuildFile; fileRef = 280CE7921EC8997C009E2FC1 /* LifestyleCollectionViewCell.swift */; };
		280CE7981EC8F495009E2FC1 /* MapViewController.swift in Sources */ = {isa = PBXBuildFile; fileRef = 280CE7971EC8F495009E2FC1 /* MapViewController.swift */; };
		280CE79A1EC9074C009E2FC1 /* constants.plist in Resources */ = {isa = PBXBuildFile; fileRef = 280CE7991EC9074C009E2FC1 /* constants.plist */; };
		285490B61EC09CF9002790D1 /* ProfileTableViewCell.swift in Sources */ = {isa = PBXBuildFile; fileRef = 285490B41EC09CF9002790D1 /* ProfileTableViewCell.swift */; };
		285490B71EC09CF9002790D1 /* ProfileTableViewCell.xib in Resources */ = {isa = PBXBuildFile; fileRef = 285490B51EC09CF9002790D1 /* ProfileTableViewCell.xib */; };
		285490BD1EC0C2BD002790D1 /* TableViewController.swift in Sources */ = {isa = PBXBuildFile; fileRef = 285490BC1EC0C2BD002790D1 /* TableViewController.swift */; };
		285490BF1EC0C3B0002790D1 /* list.plist in Resources */ = {isa = PBXBuildFile; fileRef = 285490BE1EC0C3B0002790D1 /* list.plist */; };
		286A45DC1EBF1A5F00DB2039 /* AppDelegate.swift in Sources */ = {isa = PBXBuildFile; fileRef = 286A45DB1EBF1A5F00DB2039 /* AppDelegate.swift */; };
		286A45DE1EBF1A5F00DB2039 /* ViewController.swift in Sources */ = {isa = PBXBuildFile; fileRef = 286A45DD1EBF1A5F00DB2039 /* ViewController.swift */; };
		286A45E11EBF1A5F00DB2039 /* Main.storyboard in Resources */ = {isa = PBXBuildFile; fileRef = 286A45DF1EBF1A5F00DB2039 /* Main.storyboard */; };
		286A45E31EBF1A5F00DB2039 /* Assets.xcassets in Resources */ = {isa = PBXBuildFile; fileRef = 286A45E21EBF1A5F00DB2039 /* Assets.xcassets */; };
		286A45E61EBF1A5F00DB2039 /* LaunchScreen.storyboard in Resources */ = {isa = PBXBuildFile; fileRef = 286A45E41EBF1A5F00DB2039 /* LaunchScreen.storyboard */; };
		286A45F11EBF1A5F00DB2039 /* IntroductionTests.swift in Sources */ = {isa = PBXBuildFile; fileRef = 286A45F01EBF1A5F00DB2039 /* IntroductionTests.swift */; };
		286A45FC1EBF1A5F00DB2039 /* IntroductionUITests.swift in Sources */ = {isa = PBXBuildFile; fileRef = 286A45FB1EBF1A5F00DB2039 /* IntroductionUITests.swift */; };
		286A460A1EBF2F9C00DB2039 /* WalkthroughContentViewController.swift in Sources */ = {isa = PBXBuildFile; fileRef = 286A46091EBF2F9C00DB2039 /* WalkthroughContentViewController.swift */; };
		286A460C1EBF364600DB2039 /* WalkthroughPageViewController.swift in Sources */ = {isa = PBXBuildFile; fileRef = 286A460B1EBF364600DB2039 /* WalkthroughPageViewController.swift */; };
		286A460E1EBF36FA00DB2039 /* WalkthroughPage.swift in Sources */ = {isa = PBXBuildFile; fileRef = 286A460D1EBF36FA00DB2039 /* WalkthroughPage.swift */; };
		28C159CD1ECB370E00263174 /* LifestyleCollectionHeaderView.swift in Sources */ = {isa = PBXBuildFile; fileRef = 28C159CC1ECB370E00263174 /* LifestyleCollectionHeaderView.swift */; };
		34380E1F9BA54F14A937200C /* Pods_Introduction.framework in Frameworks */ = {isa = PBXBuildFile; fileRef = 1CDE0581B239D9DF5D029D0F /* Pods_Introduction.framework */; };
		97834714EAB763E9C1344274 /* Pods_IntroductionUITests.framework in Frameworks */ = {isa = PBXBuildFile; fileRef = 4CC75A75E565B75DBBE5F52D /* Pods_IntroductionUITests.framework */; };
		D414633582A169A4E2E32207 /* Pods_IntroductionTests.framework in Frameworks */ = {isa = PBXBuildFile; fileRef = B35BBDB64C6EA5D2C5CC857A /* Pods_IntroductionTests.framework */; };
/* End PBXBuildFile section */

/* Begin PBXContainerItemProxy section */
		286A45ED1EBF1A5F00DB2039 /* PBXContainerItemProxy */ = {
			isa = PBXContainerItemProxy;
			containerPortal = 286A45D01EBF1A5F00DB2039 /* Project object */;
			proxyType = 1;
			remoteGlobalIDString = 286A45D71EBF1A5F00DB2039;
			remoteInfo = Introduction;
		};
		286A45F81EBF1A5F00DB2039 /* PBXContainerItemProxy */ = {
			isa = PBXContainerItemProxy;
			containerPortal = 286A45D01EBF1A5F00DB2039 /* Project object */;
			proxyType = 1;
			remoteGlobalIDString = 286A45D71EBF1A5F00DB2039;
			remoteInfo = Introduction;
		};
/* End PBXContainerItemProxy section */

/* Begin PBXFileReference section */
		1CDE0581B239D9DF5D029D0F /* Pods_Introduction.framework */ = {isa = PBXFileReference; explicitFileType = wrapper.framework; includeInIndex = 0; path = Pods_Introduction.framework; sourceTree = BUILT_PRODUCTS_DIR; };
		280CE7851EC72EC1009E2FC1 /* LifestyleTableViewController.swift */ = {isa = PBXFileReference; fileEncoding = 4; lastKnownFileType = sourcecode.swift; path = LifestyleTableViewController.swift; sourceTree = "<group>"; };
		280CE7871EC7309A009E2FC1 /* LifestyleTableViewCell.swift */ = {isa = PBXFileReference; fileEncoding = 4; lastKnownFileType = sourcecode.swift; path = LifestyleTableViewCell.swift; sourceTree = "<group>"; };
		280CE7891EC73160009E2FC1 /* LifestyleModel.swift */ = {isa = PBXFileReference; fileEncoding = 4; lastKnownFileType = sourcecode.swift; path = LifestyleModel.swift; sourceTree = "<group>"; };
		280CE78E1EC88944009E2FC1 /* DetailsViewController.swift */ = {isa = PBXFileReference; fileEncoding = 4; lastKnownFileType = sourcecode.swift; path = DetailsViewController.swift; sourceTree = "<group>"; };
		280CE7901EC88DBC009E2FC1 /* LifestyleData.swift */ = {isa = PBXFileReference; fileEncoding = 4; lastKnownFileType = sourcecode.swift; path = LifestyleData.swift; sourceTree = "<group>"; };
		280CE7921EC8997C009E2FC1 /* LifestyleCollectionViewCell.swift */ = {isa = PBXFileReference; fileEncoding = 4; lastKnownFileType = sourcecode.swift; path = LifestyleCollectionViewCell.swift; sourceTree = "<group>"; };
		280CE7971EC8F495009E2FC1 /* MapViewController.swift */ = {isa = PBXFileReference; fileEncoding = 4; lastKnownFileType = sourcecode.swift; path = MapViewController.swift; sourceTree = "<group>"; };
		280CE7991EC9074C009E2FC1 /* constants.plist */ = {isa = PBXFileReference; fileEncoding = 4; lastKnownFileType = text.plist.xml; path = constants.plist; sourceTree = "<group>"; };
		285490B41EC09CF9002790D1 /* ProfileTableViewCell.swift */ = {isa = PBXFileReference; fileEncoding = 4; lastKnownFileType = sourcecode.swift; path = ProfileTableViewCell.swift; sourceTree = "<group>"; };
		285490B51EC09CF9002790D1 /* ProfileTableViewCell.xib */ = {isa = PBXFileReference; fileEncoding = 4; lastKnownFileType = file.xib; path = ProfileTableViewCell.xib; sourceTree = "<group>"; };
		285490BC1EC0C2BD002790D1 /* TableViewController.swift */ = {isa = PBXFileReference; fileEncoding = 4; lastKnownFileType = sourcecode.swift; path = TableViewController.swift; sourceTree = "<group>"; };
		285490BE1EC0C3B0002790D1 /* list.plist */ = {isa = PBXFileReference; fileEncoding = 4; lastKnownFileType = text.plist.xml; path = list.plist; sourceTree = "<group>"; };
		286A45D81EBF1A5F00DB2039 /* Introduction.app */ = {isa = PBXFileReference; explicitFileType = wrapper.application; includeInIndex = 0; path = Introduction.app; sourceTree = BUILT_PRODUCTS_DIR; };
		286A45DB1EBF1A5F00DB2039 /* AppDelegate.swift */ = {isa = PBXFileReference; lastKnownFileType = sourcecode.swift; path = AppDelegate.swift; sourceTree = "<group>"; };
		286A45DD1EBF1A5F00DB2039 /* ViewController.swift */ = {isa = PBXFileReference; lastKnownFileType = sourcecode.swift; path = ViewController.swift; sourceTree = "<group>"; };
		286A45E01EBF1A5F00DB2039 /* Base */ = {isa = PBXFileReference; lastKnownFileType = file.storyboard; name = Base; path = Base.lproj/Main.storyboard; sourceTree = "<group>"; };
		286A45E21EBF1A5F00DB2039 /* Assets.xcassets */ = {isa = PBXFileReference; lastKnownFileType = folder.assetcatalog; path = Assets.xcassets; sourceTree = "<group>"; };
		286A45E51EBF1A5F00DB2039 /* Base */ = {isa = PBXFileReference; lastKnownFileType = file.storyboard; name = Base; path = Base.lproj/LaunchScreen.storyboard; sourceTree = "<group>"; };
		286A45E71EBF1A5F00DB2039 /* Info.plist */ = {isa = PBXFileReference; lastKnownFileType = text.plist.xml; path = Info.plist; sourceTree = "<group>"; };
		286A45EC1EBF1A5F00DB2039 /* IntroductionTests.xctest */ = {isa = PBXFileReference; explicitFileType = wrapper.cfbundle; includeInIndex = 0; path = IntroductionTests.xctest; sourceTree = BUILT_PRODUCTS_DIR; };
		286A45F01EBF1A5F00DB2039 /* IntroductionTests.swift */ = {isa = PBXFileReference; lastKnownFileType = sourcecode.swift; path = IntroductionTests.swift; sourceTree = "<group>"; };
		286A45F21EBF1A5F00DB2039 /* Info.plist */ = {isa = PBXFileReference; lastKnownFileType = text.plist.xml; path = Info.plist; sourceTree = "<group>"; };
		286A45F71EBF1A5F00DB2039 /* IntroductionUITests.xctest */ = {isa = PBXFileReference; explicitFileType = wrapper.cfbundle; includeInIndex = 0; path = IntroductionUITests.xctest; sourceTree = BUILT_PRODUCTS_DIR; };
		286A45FB1EBF1A5F00DB2039 /* IntroductionUITests.swift */ = {isa = PBXFileReference; lastKnownFileType = sourcecode.swift; path = IntroductionUITests.swift; sourceTree = "<group>"; };
		286A45FD1EBF1A5F00DB2039 /* Info.plist */ = {isa = PBXFileReference; lastKnownFileType = text.plist.xml; path = Info.plist; sourceTree = "<group>"; };
		286A46091EBF2F9C00DB2039 /* WalkthroughContentViewController.swift */ = {isa = PBXFileReference; fileEncoding = 4; lastKnownFileType = sourcecode.swift; name = WalkthroughContentViewController.swift; path = ../WalkthroughContentViewController.swift; sourceTree = "<group>"; };
		286A460B1EBF364600DB2039 /* WalkthroughPageViewController.swift */ = {isa = PBXFileReference; fileEncoding = 4; lastKnownFileType = sourcecode.swift; path = WalkthroughPageViewController.swift; sourceTree = "<group>"; };
		286A460D1EBF36FA00DB2039 /* WalkthroughPage.swift */ = {isa = PBXFileReference; fileEncoding = 4; lastKnownFileType = sourcecode.swift; path = WalkthroughPage.swift; sourceTree = "<group>"; };
		28C159CC1ECB370E00263174 /* LifestyleCollectionHeaderView.swift */ = {isa = PBXFileReference; fileEncoding = 4; lastKnownFileType = sourcecode.swift; path = LifestyleCollectionHeaderView.swift; sourceTree = "<group>"; };
		2AF9184843C600FF2DCE35E9 /* Pods-IntroductionUITests.release.xcconfig */ = {isa = PBXFileReference; includeInIndex = 1; lastKnownFileType = text.xcconfig; name = "Pods-IntroductionUITests.release.xcconfig"; path = "Pods/Target Support Files/Pods-IntroductionUITests/Pods-IntroductionUITests.release.xcconfig"; sourceTree = "<group>"; };
		4CC75A75E565B75DBBE5F52D /* Pods_IntroductionUITests.framework */ = {isa = PBXFileReference; explicitFileType = wrapper.framework; includeInIndex = 0; path = Pods_IntroductionUITests.framework; sourceTree = BUILT_PRODUCTS_DIR; };
		5EFCC85013D3059030718A17 /* Pods-Introduction.debug.xcconfig */ = {isa = PBXFileReference; includeInIndex = 1; lastKnownFileType = text.xcconfig; name = "Pods-Introduction.debug.xcconfig"; path = "Pods/Target Support Files/Pods-Introduction/Pods-Introduction.debug.xcconfig"; sourceTree = "<group>"; };
		64F22CBA2BD138F16734C2BF /* Pods-IntroductionTests.release.xcconfig */ = {isa = PBXFileReference; includeInIndex = 1; lastKnownFileType = text.xcconfig; name = "Pods-IntroductionTests.release.xcconfig"; path = "Pods/Target Support Files/Pods-IntroductionTests/Pods-IntroductionTests.release.xcconfig"; sourceTree = "<group>"; };
		9780B9F5DE6FE010A10F9A68 /* Pods-IntroductionTests.debug.xcconfig */ = {isa = PBXFileReference; includeInIndex = 1; lastKnownFileType = text.xcconfig; name = "Pods-IntroductionTests.debug.xcconfig"; path = "Pods/Target Support Files/Pods-IntroductionTests/Pods-IntroductionTests.debug.xcconfig"; sourceTree = "<group>"; };
		B35BBDB64C6EA5D2C5CC857A /* Pods_IntroductionTests.framework */ = {isa = PBXFileReference; explicitFileType = wrapper.framework; includeInIndex = 0; path = Pods_IntroductionTests.framework; sourceTree = BUILT_PRODUCTS_DIR; };
		C028ED9554CD39CD386B263A /* Pods-IntroductionUITests.debug.xcconfig */ = {isa = PBXFileReference; includeInIndex = 1; lastKnownFileType = text.xcconfig; name = "Pods-IntroductionUITests.debug.xcconfig"; path = "Pods/Target Support Files/Pods-IntroductionUITests/Pods-IntroductionUITests.debug.xcconfig"; sourceTree = "<group>"; };
		ECE7C256841447CDA74860A2 /* Pods-Introduction.release.xcconfig */ = {isa = PBXFileReference; includeInIndex = 1; lastKnownFileType = text.xcconfig; name = "Pods-Introduction.release.xcconfig"; path = "Pods/Target Support Files/Pods-Introduction/Pods-Introduction.release.xcconfig"; sourceTree = "<group>"; };
/* End PBXFileReference section */

/* Begin PBXFrameworksBuildPhase section */
		286A45D51EBF1A5F00DB2039 /* Frameworks */ = {
			isa = PBXFrameworksBuildPhase;
			buildActionMask = 2147483647;
			files = (
				34380E1F9BA54F14A937200C /* Pods_Introduction.framework in Frameworks */,
			);
			runOnlyForDeploymentPostprocessing = 0;
		};
		286A45E91EBF1A5F00DB2039 /* Frameworks */ = {
			isa = PBXFrameworksBuildPhase;
			buildActionMask = 2147483647;
			files = (
				D414633582A169A4E2E32207 /* Pods_IntroductionTests.framework in Frameworks */,
			);
			runOnlyForDeploymentPostprocessing = 0;
		};
		286A45F41EBF1A5F00DB2039 /* Frameworks */ = {
			isa = PBXFrameworksBuildPhase;
			buildActionMask = 2147483647;
			files = (
				97834714EAB763E9C1344274 /* Pods_IntroductionUITests.framework in Frameworks */,
			);
			runOnlyForDeploymentPostprocessing = 0;
		};
/* End PBXFrameworksBuildPhase section */

/* Begin PBXGroup section */
		280CE78B1EC76FB9009E2FC1 /* Profile */ = {
			isa = PBXGroup;
			children = (
				285490BC1EC0C2BD002790D1 /* TableViewController.swift */,
				285490B41EC09CF9002790D1 /* ProfileTableViewCell.swift */,
				285490B51EC09CF9002790D1 /* ProfileTableViewCell.xib */,
			);
			name = Profile;
			sourceTree = "<group>";
		};
		280CE78C1EC76FD0009E2FC1 /* Walkthrough */ = {
			isa = PBXGroup;
			children = (
				286A460B1EBF364600DB2039 /* WalkthroughPageViewController.swift */,
				286A46091EBF2F9C00DB2039 /* WalkthroughContentViewController.swift */,
				286A460D1EBF36FA00DB2039 /* WalkthroughPage.swift */,
			);
			name = Walkthrough;
			sourceTree = "<group>";
		};
		280CE78D1EC888FA009E2FC1 /* LifestyleDetails */ = {
			isa = PBXGroup;
			children = (
				280CE78E1EC88944009E2FC1 /* DetailsViewController.swift */,
			);
			name = LifestyleDetails;
			sourceTree = "<group>";
		};
		280CE7941EC8F446009E2FC1 /* Main */ = {
			isa = PBXGroup;
			children = (
				286A45DD1EBF1A5F00DB2039 /* ViewController.swift */,
				280CE7971EC8F495009E2FC1 /* MapViewController.swift */,
			);
			name = Main;
			sourceTree = "<group>";
		};
		28532DD11EC728C8003D6320 /* LifeStyle */ = {
			isa = PBXGroup;
			children = (
				280CE78D1EC888FA009E2FC1 /* LifestyleDetails */,
				280CE7851EC72EC1009E2FC1 /* LifestyleTableViewController.swift */,
				280CE7871EC7309A009E2FC1 /* LifestyleTableViewCell.swift */,
				280CE7891EC73160009E2FC1 /* LifestyleModel.swift */,
				280CE7901EC88DBC009E2FC1 /* LifestyleData.swift */,
				280CE7921EC8997C009E2FC1 /* LifestyleCollectionViewCell.swift */,
				28C159CC1ECB370E00263174 /* LifestyleCollectionHeaderView.swift */,
			);
			name = LifeStyle;
			sourceTree = "<group>";
		};
		286A45CF1EBF1A5F00DB2039 = {
			isa = PBXGroup;
			children = (
				286A45DA1EBF1A5F00DB2039 /* Introduction */,
				286A45EF1EBF1A5F00DB2039 /* IntroductionTests */,
				286A45FA1EBF1A5F00DB2039 /* IntroductionUITests */,
				286A45D91EBF1A5F00DB2039 /* Products */,
				A3FF36BB9A2B2810C3A233F9 /* Pods */,
				F2136A6BE6569D9D9BAF2D7B /* Frameworks */,
			);
			sourceTree = "<group>";
		};
		286A45D91EBF1A5F00DB2039 /* Products */ = {
			isa = PBXGroup;
			children = (
				286A45D81EBF1A5F00DB2039 /* Introduction.app */,
				286A45EC1EBF1A5F00DB2039 /* IntroductionTests.xctest */,
				286A45F71EBF1A5F00DB2039 /* IntroductionUITests.xctest */,
			);
			name = Products;
			sourceTree = "<group>";
		};
		286A45DA1EBF1A5F00DB2039 /* Introduction */ = {
			isa = PBXGroup;
			children = (
				280CE7941EC8F446009E2FC1 /* Main */,
				280CE78C1EC76FD0009E2FC1 /* Walkthrough */,
				280CE78B1EC76FB9009E2FC1 /* Profile */,
				28532DD11EC728C8003D6320 /* LifeStyle */,
				286A45DB1EBF1A5F00DB2039 /* AppDelegate.swift */,
				286A45DF1EBF1A5F00DB2039 /* Main.storyboard */,
				286A45E21EBF1A5F00DB2039 /* Assets.xcassets */,
				286A45E41EBF1A5F00DB2039 /* LaunchScreen.storyboard */,
				286A45E71EBF1A5F00DB2039 /* Info.plist */,
				285490BE1EC0C3B0002790D1 /* list.plist */,
				280CE7991EC9074C009E2FC1 /* constants.plist */,
			);
			path = Introduction;
			sourceTree = "<group>";
		};
		286A45EF1EBF1A5F00DB2039 /* IntroductionTests */ = {
			isa = PBXGroup;
			children = (
				286A45F01EBF1A5F00DB2039 /* IntroductionTests.swift */,
				286A45F21EBF1A5F00DB2039 /* Info.plist */,
			);
			path = IntroductionTests;
			sourceTree = "<group>";
		};
		286A45FA1EBF1A5F00DB2039 /* IntroductionUITests */ = {
			isa = PBXGroup;
			children = (
				286A45FB1EBF1A5F00DB2039 /* IntroductionUITests.swift */,
				286A45FD1EBF1A5F00DB2039 /* Info.plist */,
			);
			path = IntroductionUITests;
			sourceTree = "<group>";
		};
		A3FF36BB9A2B2810C3A233F9 /* Pods */ = {
			isa = PBXGroup;
			children = (
				5EFCC85013D3059030718A17 /* Pods-Introduction.debug.xcconfig */,
				ECE7C256841447CDA74860A2 /* Pods-Introduction.release.xcconfig */,
				9780B9F5DE6FE010A10F9A68 /* Pods-IntroductionTests.debug.xcconfig */,
				64F22CBA2BD138F16734C2BF /* Pods-IntroductionTests.release.xcconfig */,
				C028ED9554CD39CD386B263A /* Pods-IntroductionUITests.debug.xcconfig */,
				2AF9184843C600FF2DCE35E9 /* Pods-IntroductionUITests.release.xcconfig */,
			);
			name = Pods;
			sourceTree = "<group>";
		};
		F2136A6BE6569D9D9BAF2D7B /* Frameworks */ = {
			isa = PBXGroup;
			children = (
				1CDE0581B239D9DF5D029D0F /* Pods_Introduction.framework */,
				B35BBDB64C6EA5D2C5CC857A /* Pods_IntroductionTests.framework */,
				4CC75A75E565B75DBBE5F52D /* Pods_IntroductionUITests.framework */,
			);
			name = Frameworks;
			sourceTree = "<group>";
		};
/* End PBXGroup section */

/* Begin PBXNativeTarget section */
		286A45D71EBF1A5F00DB2039 /* Introduction */ = {
			isa = PBXNativeTarget;
			buildConfigurationList = 286A46001EBF1A5F00DB2039 /* Build configuration list for PBXNativeTarget "Introduction" */;
			buildPhases = (
				AFC64B4C97E04C28E53FE2C9 /* [CP] Check Pods Manifest.lock */,
				286A45D41EBF1A5F00DB2039 /* Sources */,
				286A45D51EBF1A5F00DB2039 /* Frameworks */,
				286A45D61EBF1A5F00DB2039 /* Resources */,
				E73BB06B39DF953CCFB55160 /* [CP] Embed Pods Frameworks */,
				41F97E2AE69EF4B08905EB58 /* [CP] Copy Pods Resources */,
			);
			buildRules = (
			);
			dependencies = (
			);
			name = Introduction;
			productName = Introduction;
			productReference = 286A45D81EBF1A5F00DB2039 /* Introduction.app */;
			productType = "com.apple.product-type.application";
		};
		286A45EB1EBF1A5F00DB2039 /* IntroductionTests */ = {
			isa = PBXNativeTarget;
			buildConfigurationList = 286A46031EBF1A5F00DB2039 /* Build configuration list for PBXNativeTarget "IntroductionTests" */;
			buildPhases = (
				133DE7E99ADEDBD5822C03A1 /* [CP] Check Pods Manifest.lock */,
				286A45E81EBF1A5F00DB2039 /* Sources */,
				286A45E91EBF1A5F00DB2039 /* Frameworks */,
				286A45EA1EBF1A5F00DB2039 /* Resources */,
				DD077E69B6C9940C15048188 /* [CP] Embed Pods Frameworks */,
				2710812A4D1B73A08A017A46 /* [CP] Copy Pods Resources */,
			);
			buildRules = (
			);
			dependencies = (
				286A45EE1EBF1A5F00DB2039 /* PBXTargetDependency */,
			);
			name = IntroductionTests;
			productName = IntroductionTests;
			productReference = 286A45EC1EBF1A5F00DB2039 /* IntroductionTests.xctest */;
			productType = "com.apple.product-type.bundle.unit-test";
		};
		286A45F61EBF1A5F00DB2039 /* IntroductionUITests */ = {
			isa = PBXNativeTarget;
			buildConfigurationList = 286A46061EBF1A5F00DB2039 /* Build configuration list for PBXNativeTarget "IntroductionUITests" */;
			buildPhases = (
				FB2D61ED1E786EB3EE1902AD /* [CP] Check Pods Manifest.lock */,
				286A45F31EBF1A5F00DB2039 /* Sources */,
				286A45F41EBF1A5F00DB2039 /* Frameworks */,
				286A45F51EBF1A5F00DB2039 /* Resources */,
				A7B8D86F35693F2D2A33C063 /* [CP] Embed Pods Frameworks */,
				855B3315E02273C34A7E0701 /* [CP] Copy Pods Resources */,
			);
			buildRules = (
			);
			dependencies = (
				286A45F91EBF1A5F00DB2039 /* PBXTargetDependency */,
			);
			name = IntroductionUITests;
			productName = IntroductionUITests;
			productReference = 286A45F71EBF1A5F00DB2039 /* IntroductionUITests.xctest */;
			productType = "com.apple.product-type.bundle.ui-testing";
		};
/* End PBXNativeTarget section */

/* Begin PBXProject section */
		286A45D01EBF1A5F00DB2039 /* Project object */ = {
			isa = PBXProject;
			attributes = {
				LastSwiftUpdateCheck = 0830;
				LastUpgradeCheck = 0830;
				ORGANIZATIONNAME = Aleksander;
				TargetAttributes = {
					286A45D71EBF1A5F00DB2039 = {
						CreatedOnToolsVersion = 8.3.1;
						ProvisioningStyle = Automatic;
					};
					286A45EB1EBF1A5F00DB2039 = {
						CreatedOnToolsVersion = 8.3.1;
						ProvisioningStyle = Automatic;
						TestTargetID = 286A45D71EBF1A5F00DB2039;
					};
					286A45F61EBF1A5F00DB2039 = {
						CreatedOnToolsVersion = 8.3.1;
						ProvisioningStyle = Automatic;
						TestTargetID = 286A45D71EBF1A5F00DB2039;
					};
				};
			};
			buildConfigurationList = 286A45D31EBF1A5F00DB2039 /* Build configuration list for PBXProject "Introduction" */;
			compatibilityVersion = "Xcode 3.2";
			developmentRegion = English;
			hasScannedForEncodings = 0;
			knownRegions = (
				en,
				Base,
			);
			mainGroup = 286A45CF1EBF1A5F00DB2039;
			productRefGroup = 286A45D91EBF1A5F00DB2039 /* Products */;
			projectDirPath = "";
			projectRoot = "";
			targets = (
				286A45D71EBF1A5F00DB2039 /* Introduction */,
				286A45EB1EBF1A5F00DB2039 /* IntroductionTests */,
				286A45F61EBF1A5F00DB2039 /* IntroductionUITests */,
			);
		};
/* End PBXProject section */

/* Begin PBXResourcesBuildPhase section */
		286A45D61EBF1A5F00DB2039 /* Resources */ = {
			isa = PBXResourcesBuildPhase;
			buildActionMask = 2147483647;
			files = (
				285490BF1EC0C3B0002790D1 /* list.plist in Resources */,
				286A45E61EBF1A5F00DB2039 /* LaunchScreen.storyboard in Resources */,
				280CE79A1EC9074C009E2FC1 /* constants.plist in Resources */,
				285490B71EC09CF9002790D1 /* ProfileTableViewCell.xib in Resources */,
				286A45E31EBF1A5F00DB2039 /* Assets.xcassets in Resources */,
				286A45E11EBF1A5F00DB2039 /* Main.storyboard in Resources */,
			);
			runOnlyForDeploymentPostprocessing = 0;
		};
		286A45EA1EBF1A5F00DB2039 /* Resources */ = {
			isa = PBXResourcesBuildPhase;
			buildActionMask = 2147483647;
			files = (
			);
			runOnlyForDeploymentPostprocessing = 0;
		};
		286A45F51EBF1A5F00DB2039 /* Resources */ = {
			isa = PBXResourcesBuildPhase;
			buildActionMask = 2147483647;
			files = (
			);
			runOnlyForDeploymentPostprocessing = 0;
		};
/* End PBXResourcesBuildPhase section */

/* Begin PBXShellScriptBuildPhase section */
		133DE7E99ADEDBD5822C03A1 /* [CP] Check Pods Manifest.lock */ = {
			isa = PBXShellScriptBuildPhase;
			buildActionMask = 2147483647;
			files = (
			);
			inputPaths = (
			);
			name = "[CP] Check Pods Manifest.lock";
			outputPaths = (
			);
			runOnlyForDeploymentPostprocessing = 0;
			shellPath = /bin/sh;
			shellScript = "diff \"${PODS_PODFILE_DIR_PATH}/Podfile.lock\" \"${PODS_ROOT}/Manifest.lock\" > /dev/null\nif [ $? != 0 ] ; then\n    # print error to STDERR\n    echo \"error: The sandbox is not in sync with the Podfile.lock. Run 'pod install' or update your CocoaPods installation.\" >&2\n    exit 1\nfi\n";
			showEnvVarsInLog = 0;
		};
		2710812A4D1B73A08A017A46 /* [CP] Copy Pods Resources */ = {
			isa = PBXShellScriptBuildPhase;
			buildActionMask = 2147483647;
			files = (
			);
			inputPaths = (
			);
			name = "[CP] Copy Pods Resources";
			outputPaths = (
			);
			runOnlyForDeploymentPostprocessing = 0;
			shellPath = /bin/sh;
			shellScript = "\"${SRCROOT}/Pods/Target Support Files/Pods-IntroductionTests/Pods-IntroductionTests-resources.sh\"\n";
			showEnvVarsInLog = 0;
		};
		41F97E2AE69EF4B08905EB58 /* [CP] Copy Pods Resources */ = {
			isa = PBXShellScriptBuildPhase;
			buildActionMask = 2147483647;
			files = (
			);
			inputPaths = (
			);
			name = "[CP] Copy Pods Resources";
			outputPaths = (
			);
			runOnlyForDeploymentPostprocessing = 0;
			shellPath = /bin/sh;
			shellScript = "\"${SRCROOT}/Pods/Target Support Files/Pods-Introduction/Pods-Introduction-resources.sh\"\n";
			showEnvVarsInLog = 0;
		};
		855B3315E02273C34A7E0701 /* [CP] Copy Pods Resources */ = {
			isa = PBXShellScriptBuildPhase;
			buildActionMask = 2147483647;
			files = (
			);
			inputPaths = (
			);
			name = "[CP] Copy Pods Resources";
			outputPaths = (
			);
			runOnlyForDeploymentPostprocessing = 0;
			shellPath = /bin/sh;
			shellScript = "\"${SRCROOT}/Pods/Target Support Files/Pods-IntroductionUITests/Pods-IntroductionUITests-resources.sh\"\n";
			showEnvVarsInLog = 0;
		};
		A7B8D86F35693F2D2A33C063 /* [CP] Embed Pods Frameworks */ = {
			isa = PBXShellScriptBuildPhase;
			buildActionMask = 2147483647;
			files = (
			);
			inputPaths = (
			);
			name = "[CP] Embed Pods Frameworks";
			outputPaths = (
			);
			runOnlyForDeploymentPostprocessing = 0;
			shellPath = /bin/sh;
			shellScript = "\"${SRCROOT}/Pods/Target Support Files/Pods-IntroductionUITests/Pods-IntroductionUITests-frameworks.sh\"\n";
			showEnvVarsInLog = 0;
		};
		AFC64B4C97E04C28E53FE2C9 /* [CP] Check Pods Manifest.lock */ = {
			isa = PBXShellScriptBuildPhase;
			buildActionMask = 2147483647;
			files = (
			);
			inputPaths = (
			);
			name = "[CP] Check Pods Manifest.lock";
			outputPaths = (
			);
			runOnlyForDeploymentPostprocessing = 0;
			shellPath = /bin/sh;
			shellScript = "diff \"${PODS_PODFILE_DIR_PATH}/Podfile.lock\" \"${PODS_ROOT}/Manifest.lock\" > /dev/null\nif [ $? != 0 ] ; then\n    # print error to STDERR\n    echo \"error: The sandbox is not in sync with the Podfile.lock. Run 'pod install' or update your CocoaPods installation.\" >&2\n    exit 1\nfi\n";
			showEnvVarsInLog = 0;
		};
		DD077E69B6C9940C15048188 /* [CP] Embed Pods Frameworks */ = {
			isa = PBXShellScriptBuildPhase;
			buildActionMask = 2147483647;
			files = (
			);
			inputPaths = (
			);
			name = "[CP] Embed Pods Frameworks";
			outputPaths = (
			);
			runOnlyForDeploymentPostprocessing = 0;
			shellPath = /bin/sh;
			shellScript = "\"${SRCROOT}/Pods/Target Support Files/Pods-IntroductionTests/Pods-IntroductionTests-frameworks.sh\"\n";
			showEnvVarsInLog = 0;
		};
		E73BB06B39DF953CCFB55160 /* [CP] Embed Pods Frameworks */ = {
			isa = PBXShellScriptBuildPhase;
			buildActionMask = 2147483647;
			files = (
			);
			inputPaths = (
			);
			name = "[CP] Embed Pods Frameworks";
			outputPaths = (
			);
			runOnlyForDeploymentPostprocessing = 0;
			shellPath = /bin/sh;
			shellScript = "\"${SRCROOT}/Pods/Target Support Files/Pods-Introduction/Pods-Introduction-frameworks.sh\"\n";
			showEnvVarsInLog = 0;
		};
		FB2D61ED1E786EB3EE1902AD /* [CP] Check Pods Manifest.lock */ = {
			isa = PBXShellScriptBuildPhase;
			buildActionMask = 2147483647;
			files = (
			);
			inputPaths = (
			);
			name = "[CP] Check Pods Manifest.lock";
			outputPaths = (
			);
			runOnlyForDeploymentPostprocessing = 0;
			shellPath = /bin/sh;
			shellScript = "diff \"${PODS_PODFILE_DIR_PATH}/Podfile.lock\" \"${PODS_ROOT}/Manifest.lock\" > /dev/null\nif [ $? != 0 ] ; then\n    # print error to STDERR\n    echo \"error: The sandbox is not in sync with the Podfile.lock. Run 'pod install' or update your CocoaPods installation.\" >&2\n    exit 1\nfi\n";
			showEnvVarsInLog = 0;
		};
/* End PBXShellScriptBuildPhase section */

/* Begin PBXSourcesBuildPhase section */
		286A45D41EBF1A5F00DB2039 /* Sources */ = {
			isa = PBXSourcesBuildPhase;
			buildActionMask = 2147483647;
			files = (
				286A460A1EBF2F9C00DB2039 /* WalkthroughContentViewController.swift in Sources */,
				280CE7861EC72EC1009E2FC1 /* LifestyleTableViewController.swift in Sources */,
				280CE7881EC7309A009E2FC1 /* LifestyleTableViewCell.swift in Sources */,
				280CE78F1EC88944009E2FC1 /* DetailsViewController.swift in Sources */,
				285490BD1EC0C2BD002790D1 /* TableViewController.swift in Sources */,
				280CE7911EC88DBC009E2FC1 /* LifestyleData.swift in Sources */,
				286A45DE1EBF1A5F00DB2039 /* ViewController.swift in Sources */,
				286A460C1EBF364600DB2039 /* WalkthroughPageViewController.swift in Sources */,
				280CE7931EC8997C009E2FC1 /* LifestyleCollectionViewCell.swift in Sources */,
				28C159CD1ECB370E00263174 /* LifestyleCollectionHeaderView.swift in Sources */,
				285490B61EC09CF9002790D1 /* ProfileTableViewCell.swift in Sources */,
				280CE78A1EC73160009E2FC1 /* LifestyleModel.swift in Sources */,
				286A460E1EBF36FA00DB2039 /* WalkthroughPage.swift in Sources */,
				286A45DC1EBF1A5F00DB2039 /* AppDelegate.swift in Sources */,
				280CE7981EC8F495009E2FC1 /* MapViewController.swift in Sources */,
			);
			runOnlyForDeploymentPostprocessing = 0;
		};
		286A45E81EBF1A5F00DB2039 /* Sources */ = {
			isa = PBXSourcesBuildPhase;
			buildActionMask = 2147483647;
			files = (
				286A45F11EBF1A5F00DB2039 /* IntroductionTests.swift in Sources */,
			);
			runOnlyForDeploymentPostprocessing = 0;
		};
		286A45F31EBF1A5F00DB2039 /* Sources */ = {
			isa = PBXSourcesBuildPhase;
			buildActionMask = 2147483647;
			files = (
				286A45FC1EBF1A5F00DB2039 /* IntroductionUITests.swift in Sources */,
			);
			runOnlyForDeploymentPostprocessing = 0;
		};
/* End PBXSourcesBuildPhase section */

/* Begin PBXTargetDependency section */
		286A45EE1EBF1A5F00DB2039 /* PBXTargetDependency */ = {
			isa = PBXTargetDependency;
			target = 286A45D71EBF1A5F00DB2039 /* Introduction */;
			targetProxy = 286A45ED1EBF1A5F00DB2039 /* PBXContainerItemProxy */;
		};
		286A45F91EBF1A5F00DB2039 /* PBXTargetDependency */ = {
			isa = PBXTargetDependency;
			target = 286A45D71EBF1A5F00DB2039 /* Introduction */;
			targetProxy = 286A45F81EBF1A5F00DB2039 /* PBXContainerItemProxy */;
		};
/* End PBXTargetDependency section */

/* Begin PBXVariantGroup section */
		286A45DF1EBF1A5F00DB2039 /* Main.storyboard */ = {
			isa = PBXVariantGroup;
			children = (
				286A45E01EBF1A5F00DB2039 /* Base */,
			);
			name = Main.storyboard;
			sourceTree = "<group>";
		};
		286A45E41EBF1A5F00DB2039 /* LaunchScreen.storyboard */ = {
			isa = PBXVariantGroup;
			children = (
				286A45E51EBF1A5F00DB2039 /* Base */,
			);
			name = LaunchScreen.storyboard;
			sourceTree = "<group>";
		};
/* End PBXVariantGroup section */

/* Begin XCBuildConfiguration section */
		286A45FE1EBF1A5F00DB2039 /* Debug */ = {
			isa = XCBuildConfiguration;
			buildSettings = {
				ALWAYS_SEARCH_USER_PATHS = NO;
				CLANG_ANALYZER_NONNULL = YES;
				CLANG_ANALYZER_NUMBER_OBJECT_CONVERSION = YES_AGGRESSIVE;
				CLANG_CXX_LANGUAGE_STANDARD = "gnu++0x";
				CLANG_CXX_LIBRARY = "libc++";
				CLANG_ENABLE_MODULES = YES;
				CLANG_ENABLE_OBJC_ARC = YES;
				CLANG_WARN_BOOL_CONVERSION = YES;
				CLANG_WARN_CONSTANT_CONVERSION = YES;
				CLANG_WARN_DIRECT_OBJC_ISA_USAGE = YES_ERROR;
				CLANG_WARN_DOCUMENTATION_COMMENTS = YES;
				CLANG_WARN_EMPTY_BODY = YES;
				CLANG_WARN_ENUM_CONVERSION = YES;
				CLANG_WARN_INFINITE_RECURSION = YES;
				CLANG_WARN_INT_CONVERSION = YES;
				CLANG_WARN_OBJC_ROOT_CLASS = YES_ERROR;
				CLANG_WARN_SUSPICIOUS_MOVE = YES;
				CLANG_WARN_UNREACHABLE_CODE = YES;
				CLANG_WARN__DUPLICATE_METHOD_MATCH = YES;
				"CODE_SIGN_IDENTITY[sdk=iphoneos*]" = "iPhone Developer";
				COPY_PHASE_STRIP = NO;
				DEBUG_INFORMATION_FORMAT = dwarf;
				ENABLE_STRICT_OBJC_MSGSEND = YES;
				ENABLE_TESTABILITY = YES;
				GCC_C_LANGUAGE_STANDARD = gnu99;
				GCC_DYNAMIC_NO_PIC = NO;
				GCC_NO_COMMON_BLOCKS = YES;
				GCC_OPTIMIZATION_LEVEL = 0;
				GCC_PREPROCESSOR_DEFINITIONS = (
					"DEBUG=1",
					"$(inherited)",
				);
				GCC_WARN_64_TO_32_BIT_CONVERSION = YES;
				GCC_WARN_ABOUT_RETURN_TYPE = YES_ERROR;
				GCC_WARN_UNDECLARED_SELECTOR = YES;
				GCC_WARN_UNINITIALIZED_AUTOS = YES_AGGRESSIVE;
				GCC_WARN_UNUSED_FUNCTION = YES;
				GCC_WARN_UNUSED_VARIABLE = YES;
				IPHONEOS_DEPLOYMENT_TARGET = 10.3;
				MTL_ENABLE_DEBUG_INFO = YES;
				ONLY_ACTIVE_ARCH = YES;
				SDKROOT = iphoneos;
				SWIFT_ACTIVE_COMPILATION_CONDITIONS = DEBUG;
				SWIFT_OPTIMIZATION_LEVEL = "-Onone";
				TARGETED_DEVICE_FAMILY = "1,2";
			};
			name = Debug;
		};
		286A45FF1EBF1A5F00DB2039 /* Release */ = {
			isa = XCBuildConfiguration;
			buildSettings = {
				ALWAYS_SEARCH_USER_PATHS = NO;
				CLANG_ANALYZER_NONNULL = YES;
				CLANG_ANALYZER_NUMBER_OBJECT_CONVERSION = YES_AGGRESSIVE;
				CLANG_CXX_LANGUAGE_STANDARD = "gnu++0x";
				CLANG_CXX_LIBRARY = "libc++";
				CLANG_ENABLE_MODULES = YES;
				CLANG_ENABLE_OBJC_ARC = YES;
				CLANG_WARN_BOOL_CONVERSION = YES;
				CLANG_WARN_CONSTANT_CONVERSION = YES;
				CLANG_WARN_DIRECT_OBJC_ISA_USAGE = YES_ERROR;
				CLANG_WARN_DOCUMENTATION_COMMENTS = YES;
				CLANG_WARN_EMPTY_BODY = YES;
				CLANG_WARN_ENUM_CONVERSION = YES;
				CLANG_WARN_INFINITE_RECURSION = YES;
				CLANG_WARN_INT_CONVERSION = YES;
				CLANG_WARN_OBJC_ROOT_CLASS = YES_ERROR;
				CLANG_WARN_SUSPICIOUS_MOVE = YES;
				CLANG_WARN_UNREACHABLE_CODE = YES;
				CLANG_WARN__DUPLICATE_METHOD_MATCH = YES;
				"CODE_SIGN_IDENTITY[sdk=iphoneos*]" = "iPhone Developer";
				COPY_PHASE_STRIP = NO;
				DEBUG_INFORMATION_FORMAT = "dwarf-with-dsym";
				ENABLE_NS_ASSERTIONS = NO;
				ENABLE_STRICT_OBJC_MSGSEND = YES;
				GCC_C_LANGUAGE_STANDARD = gnu99;
				GCC_NO_COMMON_BLOCKS = YES;
				GCC_WARN_64_TO_32_BIT_CONVERSION = YES;
				GCC_WARN_ABOUT_RETURN_TYPE = YES_ERROR;
				GCC_WARN_UNDECLARED_SELECTOR = YES;
				GCC_WARN_UNINITIALIZED_AUTOS = YES_AGGRESSIVE;
				GCC_WARN_UNUSED_FUNCTION = YES;
				GCC_WARN_UNUSED_VARIABLE = YES;
				IPHONEOS_DEPLOYMENT_TARGET = 10.3;
				MTL_ENABLE_DEBUG_INFO = NO;
				SDKROOT = iphoneos;
				SWIFT_OPTIMIZATION_LEVEL = "-Owholemodule";
				TARGETED_DEVICE_FAMILY = "1,2";
				VALIDATE_PRODUCT = YES;
			};
			name = Release;
		};
		286A46011EBF1A5F00DB2039 /* Debug */ = {
			isa = XCBuildConfiguration;
			baseConfigurationReference = 5EFCC85013D3059030718A17 /* Pods-Introduction.debug.xcconfig */;
			buildSettings = {
				ASSETCATALOG_COMPILER_APPICON_NAME = AppIcon;
				INFOPLIST_FILE = Introduction/Info.plist;
				LD_RUNPATH_SEARCH_PATHS = "$(inherited) @executable_path/Frameworks";
				PRODUCT_BUNDLE_IDENTIFIER = com.nektar.Introduction;
				PRODUCT_NAME = "$(TARGET_NAME)";
				SWIFT_VERSION = 3.0;
			};
			name = Debug;
		};
		286A46021EBF1A5F00DB2039 /* Release */ = {
			isa = XCBuildConfiguration;
			baseConfigurationReference = ECE7C256841447CDA74860A2 /* Pods-Introduction.release.xcconfig */;
			buildSettings = {
				ASSETCATALOG_COMPILER_APPICON_NAME = AppIcon;
				INFOPLIST_FILE = Introduction/Info.plist;
				LD_RUNPATH_SEARCH_PATHS = "$(inherited) @executable_path/Frameworks";
				PRODUCT_BUNDLE_IDENTIFIER = com.nektar.Introduction;
				PRODUCT_NAME = "$(TARGET_NAME)";
				SWIFT_VERSION = 3.0;
			};
			name = Release;
		};
		286A46041EBF1A5F00DB2039 /* Debug */ = {
			isa = XCBuildConfiguration;
			baseConfigurationReference = 9780B9F5DE6FE010A10F9A68 /* Pods-IntroductionTests.debug.xcconfig */;
			buildSettings = {
				ALWAYS_EMBED_SWIFT_STANDARD_LIBRARIES = YES;
				BUNDLE_LOADER = "$(TEST_HOST)";
				INFOPLIST_FILE = IntroductionTests/Info.plist;
				LD_RUNPATH_SEARCH_PATHS = "$(inherited) @executable_path/Frameworks @loader_path/Frameworks";
				PRODUCT_BUNDLE_IDENTIFIER = com.nektar.IntroductionTests;
				PRODUCT_NAME = "$(TARGET_NAME)";
				SWIFT_VERSION = 3.0;
				TEST_HOST = "$(BUILT_PRODUCTS_DIR)/Introduction.app/Introduction";
			};
			name = Debug;
		};
		286A46051EBF1A5F00DB2039 /* Release */ = {
			isa = XCBuildConfiguration;
			baseConfigurationReference = 64F22CBA2BD138F16734C2BF /* Pods-IntroductionTests.release.xcconfig */;
			buildSettings = {
				ALWAYS_EMBED_SWIFT_STANDARD_LIBRARIES = YES;
				BUNDLE_LOADER = "$(TEST_HOST)";
				INFOPLIST_FILE = IntroductionTests/Info.plist;
				LD_RUNPATH_SEARCH_PATHS = "$(inherited) @executable_path/Frameworks @loader_path/Frameworks";
				PRODUCT_BUNDLE_IDENTIFIER = com.nektar.IntroductionTests;
				PRODUCT_NAME = "$(TARGET_NAME)";
				SWIFT_VERSION = 3.0;
				TEST_HOST = "$(BUILT_PRODUCTS_DIR)/Introduction.app/Introduction";
			};
			name = Release;
		};
		286A46071EBF1A5F00DB2039 /* Debug */ = {
			isa = XCBuildConfiguration;
			baseConfigurationReference = C028ED9554CD39CD386B263A /* Pods-IntroductionUITests.debug.xcconfig */;
			buildSettings = {
				ALWAYS_EMBED_SWIFT_STANDARD_LIBRARIES = YES;
				INFOPLIST_FILE = IntroductionUITests/Info.plist;
				LD_RUNPATH_SEARCH_PATHS = "$(inherited) @executable_path/Frameworks @loader_path/Frameworks";
				PRODUCT_BUNDLE_IDENTIFIER = com.nektar.IntroductionUITests;
				PRODUCT_NAME = "$(TARGET_NAME)";
				SWIFT_VERSION = 3.0;
				TEST_TARGET_NAME = Introduction;
			};
			name = Debug;
		};
		286A46081EBF1A5F00DB2039 /* Release */ = {
			isa = XCBuildConfiguration;
			baseConfigurationReference = 2AF9184843C600FF2DCE35E9 /* Pods-IntroductionUITests.release.xcconfig */;
			buildSettings = {
				ALWAYS_EMBED_SWIFT_STANDARD_LIBRARIES = YES;
				INFOPLIST_FILE = IntroductionUITests/Info.plist;
				LD_RUNPATH_SEARCH_PATHS = "$(inherited) @executable_path/Frameworks @loader_path/Frameworks";
				PRODUCT_BUNDLE_IDENTIFIER = com.nektar.IntroductionUITests;
				PRODUCT_NAME = "$(TARGET_NAME)";
				SWIFT_VERSION = 3.0;
				TEST_TARGET_NAME = Introduction;
			};
			name = Release;
		};
/* End XCBuildConfiguration section */

/* Begin XCConfigurationList section */
		286A45D31EBF1A5F00DB2039 /* Build configuration list for PBXProject "Introduction" */ = {
			isa = XCConfigurationList;
			buildConfigurations = (
				286A45FE1EBF1A5F00DB2039 /* Debug */,
				286A45FF1EBF1A5F00DB2039 /* Release */,
			);
			defaultConfigurationIsVisible = 0;
			defaultConfigurationName = Release;
		};
		286A46001EBF1A5F00DB2039 /* Build configuration list for PBXNativeTarget "Introduction" */ = {
			isa = XCConfigurationList;
			buildConfigurations = (
				286A46011EBF1A5F00DB2039 /* Debug */,
				286A46021EBF1A5F00DB2039 /* Release */,
			);
			defaultConfigurationIsVisible = 0;
			defaultConfigurationName = Release;
		};
		286A46031EBF1A5F00DB2039 /* Build configuration list for PBXNativeTarget "IntroductionTests" */ = {
			isa = XCConfigurationList;
			buildConfigurations = (
				286A46041EBF1A5F00DB2039 /* Debug */,
				286A46051EBF1A5F00DB2039 /* Release */,
			);
			defaultConfigurationIsVisible = 0;
			defaultConfigurationName = Release;
		};
		286A46061EBF1A5F00DB2039 /* Build configuration list for PBXNativeTarget "IntroductionUITests" */ = {
			isa = XCConfigurationList;
			buildConfigurations = (
				286A46071EBF1A5F00DB2039 /* Debug */,
				286A46081EBF1A5F00DB2039 /* Release */,
			);
			defaultConfigurationIsVisible = 0;
			defaultConfigurationName = Release;
		};
/* End XCConfigurationList section */
	};
	rootObject = 286A45D01EBF1A5F00DB2039 /* Project object */;
}
